// !$*UTF8*$!
{
	archiveVersion = 1;
	classes = {
	};
	objectVersion = 50;
	objects = {

/* Begin PBXBuildFile section */
		CDEDC9FD222193DA004DDA63 /* AppDelegate.swift in Sources */ = {isa = PBXBuildFile; fileRef = CDEDC9FC222193DA004DDA63 /* AppDelegate.swift */; };
		CDEDC9FF222193DA004DDA63 /* AnimeListController.swift in Sources */ = {isa = PBXBuildFile; fileRef = CDEDC9FE222193DA004DDA63 /* AnimeListController.swift */; };
		CDEDCA02222193DA004DDA63 /* Main.storyboard in Resources */ = {isa = PBXBuildFile; fileRef = CDEDCA00222193DA004DDA63 /* Main.storyboard */; };
		CDEDCA04222193DB004DDA63 /* Assets.xcassets in Resources */ = {isa = PBXBuildFile; fileRef = CDEDCA03222193DB004DDA63 /* Assets.xcassets */; };
		CDEDCA07222193DB004DDA63 /* LaunchScreen.storyboard in Resources */ = {isa = PBXBuildFile; fileRef = CDEDCA05222193DB004DDA63 /* LaunchScreen.storyboard */; };
		CDEDCA1222219883004DDA63 /* Extensions+UIView.swift in Sources */ = {isa = PBXBuildFile; fileRef = CDEDCA1122219883004DDA63 /* Extensions+UIView.swift */; };
		CDEDCA1622219A22004DDA63 /* AnimeListCell.swift in Sources */ = {isa = PBXBuildFile; fileRef = CDEDCA1522219A22004DDA63 /* AnimeListCell.swift */; };
		CDEDCA182221B03B004DDA63 /* Anime.swift in Sources */ = {isa = PBXBuildFile; fileRef = CDEDCA172221B03B004DDA63 /* Anime.swift */; };
		CDEDCA1A2221C4B7004DDA63 /* AnimeService.swift in Sources */ = {isa = PBXBuildFile; fileRef = CDEDCA192221C4B7004DDA63 /* AnimeService.swift */; };
		CDEDCA1C2221CD86004DDA63 /* CachedImageView.swift in Sources */ = {isa = PBXBuildFile; fileRef = CDEDCA1B2221CD86004DDA63 /* CachedImageView.swift */; };
		CDEDCA1F2221E1B3004DDA63 /* AnimeController.swift in Sources */ = {isa = PBXBuildFile; fileRef = CDEDCA1E2221E1B3004DDA63 /* AnimeController.swift */; };
		CDEDCA212221E2BA004DDA63 /* HeaderViewCell.swift in Sources */ = {isa = PBXBuildFile; fileRef = CDEDCA202221E2BA004DDA63 /* HeaderViewCell.swift */; };
		CDEDCA232221E957004DDA63 /* AnimeViewCell.swift in Sources */ = {isa = PBXBuildFile; fileRef = CDEDCA222221E957004DDA63 /* AnimeViewCell.swift */; };
/* End PBXBuildFile section */

/* Begin PBXFileReference section */
		CDEDC9F9222193DA004DDA63 /* CodableTuto.app */ = {isa = PBXFileReference; explicitFileType = wrapper.application; includeInIndex = 0; path = CodableTuto.app; sourceTree = BUILT_PRODUCTS_DIR; };
		CDEDC9FC222193DA004DDA63 /* AppDelegate.swift */ = {isa = PBXFileReference; lastKnownFileType = sourcecode.swift; path = AppDelegate.swift; sourceTree = "<group>"; };
		CDEDC9FE222193DA004DDA63 /* AnimeListController.swift */ = {isa = PBXFileReference; lastKnownFileType = sourcecode.swift; path = AnimeListController.swift; sourceTree = "<group>"; };
		CDEDCA01222193DA004DDA63 /* Base */ = {isa = PBXFileReference; lastKnownFileType = file.storyboard; name = Base; path = Base.lproj/Main.storyboard; sourceTree = "<group>"; };
		CDEDCA03222193DB004DDA63 /* Assets.xcassets */ = {isa = PBXFileReference; lastKnownFileType = folder.assetcatalog; path = Assets.xcassets; sourceTree = "<group>"; };
		CDEDCA06222193DB004DDA63 /* Base */ = {isa = PBXFileReference; lastKnownFileType = file.storyboard; name = Base; path = Base.lproj/LaunchScreen.storyboard; sourceTree = "<group>"; };
		CDEDCA08222193DB004DDA63 /* Info.plist */ = {isa = PBXFileReference; lastKnownFileType = text.plist.xml; path = Info.plist; sourceTree = "<group>"; };
		CDEDCA1122219883004DDA63 /* Extensions+UIView.swift */ = {isa = PBXFileReference; fileEncoding = 4; lastKnownFileType = sourcecode.swift; path = "Extensions+UIView.swift"; sourceTree = "<group>"; };
		CDEDCA1522219A22004DDA63 /* AnimeListCell.swift */ = {isa = PBXFileReference; lastKnownFileType = sourcecode.swift; path = AnimeListCell.swift; sourceTree = "<group>"; };
		CDEDCA172221B03B004DDA63 /* Anime.swift */ = {isa = PBXFileReference; lastKnownFileType = sourcecode.swift; path = Anime.swift; sourceTree = "<group>"; };
		CDEDCA192221C4B7004DDA63 /* AnimeService.swift */ = {isa = PBXFileReference; lastKnownFileType = sourcecode.swift; path = AnimeService.swift; sourceTree = "<group>"; };
		CDEDCA1B2221CD86004DDA63 /* CachedImageView.swift */ = {isa = PBXFileReference; fileEncoding = 4; lastKnownFileType = sourcecode.swift; path = CachedImageView.swift; sourceTree = "<group>"; };
		CDEDCA1E2221E1B3004DDA63 /* AnimeController.swift */ = {isa = PBXFileReference; lastKnownFileType = sourcecode.swift; path = AnimeController.swift; sourceTree = "<group>"; };
		CDEDCA202221E2BA004DDA63 /* HeaderViewCell.swift */ = {isa = PBXFileReference; lastKnownFileType = sourcecode.swift; path = HeaderViewCell.swift; sourceTree = "<group>"; };
		CDEDCA222221E957004DDA63 /* AnimeViewCell.swift */ = {isa = PBXFileReference; lastKnownFileType = sourcecode.swift; path = AnimeViewCell.swift; sourceTree = "<group>"; };
/* End PBXFileReference section */

/* Begin PBXFrameworksBuildPhase section */
		CDEDC9F6222193DA004DDA63 /* Frameworks */ = {
			isa = PBXFrameworksBuildPhase;
			buildActionMask = 2147483647;
			files = (
			);
			runOnlyForDeploymentPostprocessing = 0;
		};
/* End PBXFrameworksBuildPhase section */

/* Begin PBXGroup section */
		CDEDC9F0222193DA004DDA63 = {
			isa = PBXGroup;
			children = (
				CDEDC9FB222193DA004DDA63 /* CodableTuto */,
				CDEDC9FA222193DA004DDA63 /* Products */,
			);
			sourceTree = "<group>";
		};
		CDEDC9FA222193DA004DDA63 /* Products */ = {
			isa = PBXGroup;
			children = (
				CDEDC9F9222193DA004DDA63 /* CodableTuto.app */,
			);
			name = Products;
			sourceTree = "<group>";
		};
		CDEDC9FB222193DA004DDA63 /* CodableTuto */ = {
			isa = PBXGroup;
			children = (
				CDEDCA1D2221CD8F004DDA63 /* Utils */,
				CDEDCA102221941C004DDA63 /* Model */,
				CDEDCA0F22219419004DDA63 /* View */,
				CDEDCA0E22219414004DDA63 /* Controller */,
				CDEDC9FC222193DA004DDA63 /* AppDelegate.swift */,
				CDEDCA00222193DA004DDA63 /* Main.storyboard */,
				CDEDCA03222193DB004DDA63 /* Assets.xcassets */,
				CDEDCA05222193DB004DDA63 /* LaunchScreen.storyboard */,
				CDEDCA08222193DB004DDA63 /* Info.plist */,
			);
			path = CodableTuto;
			sourceTree = "<group>";
		};
		CDEDCA0E22219414004DDA63 /* Controller */ = {
			isa = PBXGroup;
			children = (
				CDEDC9FE222193DA004DDA63 /* AnimeListController.swift */,
				CDEDCA1522219A22004DDA63 /* AnimeListCell.swift */,
				CDEDCA1E2221E1B3004DDA63 /* AnimeController.swift */,
				CDEDCA202221E2BA004DDA63 /* HeaderViewCell.swift */,
				CDEDCA222221E957004DDA63 /* AnimeViewCell.swift */,
			);
			path = Controller;
			sourceTree = "<group>";
		};
		CDEDCA0F22219419004DDA63 /* View */ = {
			isa = PBXGroup;
			children = (
				CDEDCA172221B03B004DDA63 /* Anime.swift */,
			);
			path = View;
			sourceTree = "<group>";
		};
		CDEDCA102221941C004DDA63 /* Model */ = {
			isa = PBXGroup;
			children = (
				CDEDCA192221C4B7004DDA63 /* AnimeService.swift */,
			);
			path = Model;
			sourceTree = "<group>";
		};
		CDEDCA1D2221CD8F004DDA63 /* Utils */ = {
			isa = PBXGroup;
			children = (
				CDEDCA1122219883004DDA63 /* Extensions+UIView.swift */,
				CDEDCA1B2221CD86004DDA63 /* CachedImageView.swift */,
			);
			path = Utils;
			sourceTree = "<group>";
		};
/* End PBXGroup section */

/* Begin PBXNativeTarget section */
		CDEDC9F8222193DA004DDA63 /* CodableTuto */ = {
			isa = PBXNativeTarget;
			buildConfigurationList = CDEDCA0B222193DB004DDA63 /* Build configuration list for PBXNativeTarget "CodableTuto" */;
			buildPhases = (
				CDEDC9F5222193DA004DDA63 /* Sources */,
				CDEDC9F6222193DA004DDA63 /* Frameworks */,
				CDEDC9F7222193DA004DDA63 /* Resources */,
			);
			buildRules = (
			);
			dependencies = (
			);
			name = CodableTuto;
			productName = CodableTuto;
			productReference = CDEDC9F9222193DA004DDA63 /* CodableTuto.app */;
			productType = "com.apple.product-type.application";
		};
/* End PBXNativeTarget section */

/* Begin PBXProject section */
		CDEDC9F1222193DA004DDA63 /* Project object */ = {
			isa = PBXProject;
			attributes = {
				LastSwiftUpdateCheck = 1010;
				LastUpgradeCheck = 1010;
				ORGANIZATIONNAME = OuSS;
				TargetAttributes = {
					CDEDC9F8222193DA004DDA63 = {
						CreatedOnToolsVersion = 10.1;
					};
				};
			};
			buildConfigurationList = CDEDC9F4222193DA004DDA63 /* Build configuration list for PBXProject "CodableTuto" */;
			compatibilityVersion = "Xcode 9.3";
			developmentRegion = en;
			hasScannedForEncodings = 0;
			knownRegions = (
				en,
				Base,
			);
			mainGroup = CDEDC9F0222193DA004DDA63;
			productRefGroup = CDEDC9FA222193DA004DDA63 /* Products */;
			projectDirPath = "";
			projectRoot = "";
			targets = (
				CDEDC9F8222193DA004DDA63 /* CodableTuto */,
			);
		};
/* End PBXProject section */

/* Begin PBXResourcesBuildPhase section */
		CDEDC9F7222193DA004DDA63 /* Resources */ = {
			isa = PBXResourcesBuildPhase;
			buildActionMask = 2147483647;
			files = (
				CDEDCA07222193DB004DDA63 /* LaunchScreen.storyboard in Resources */,
				CDEDCA04222193DB004DDA63 /* Assets.xcassets in Resources */,
				CDEDCA02222193DA004DDA63 /* Main.storyboard in Resources */,
			);
			runOnlyForDeploymentPostprocessing = 0;
		};
/* End PBXResourcesBuildPhase section */

/* Begin PBXSourcesBuildPhase section */
		CDEDC9F5222193DA004DDA63 /* Sources */ = {
			isa = PBXSourcesBuildPhase;
			buildActionMask = 2147483647;
			files = (
				CDEDCA1622219A22004DDA63 /* AnimeListCell.swift in Sources */,
				CDEDCA1C2221CD86004DDA63 /* CachedImageView.swift in Sources */,
				CDEDCA212221E2BA004DDA63 /* HeaderViewCell.swift in Sources */,
				CDEDCA182221B03B004DDA63 /* Anime.swift in Sources */,
				CDEDC9FF222193DA004DDA63 /* AnimeListController.swift in Sources */,
				CDEDCA232221E957004DDA63 /* AnimeViewCell.swift in Sources */,
				CDEDC9FD222193DA004DDA63 /* AppDelegate.swift in Sources */,
				CDEDCA1A2221C4B7004DDA63 /* AnimeService.swift in Sources */,
				CDEDCA1F2221E1B3004DDA63 /* AnimeController.swift in Sources */,
				CDEDCA1222219883004DDA63 /* Extensions+UIView.swift in Sources */,
			);
			runOnlyForDeploymentPostprocessing = 0;
		};
/* End PBXSourcesBuildPhase section */

/* Begin PBXVariantGroup section */
		CDEDCA00222193DA004DDA63 /* Main.storyboard */ = {
			isa = PBXVariantGroup;
			children = (
				CDEDCA01222193DA004DDA63 /* Base */,
			);
			name = Main.storyboard;
			sourceTree = "<group>";
		};
		CDEDCA05222193DB004DDA63 /* LaunchScreen.storyboard */ = {
			isa = PBXVariantGroup;
			children = (
				CDEDCA06222193DB004DDA63 /* Base */,
			);
			name = LaunchScreen.storyboard;
			sourceTree = "<group>";
		};
/* End PBXVariantGroup section */

/* Begin XCBuildConfiguration section */
		CDEDCA09222193DB004DDA63 /* Debug */ = {
			isa = XCBuildConfiguration;
			buildSettings = {
				ALWAYS_SEARCH_USER_PATHS = NO;
				CLANG_ANALYZER_NONNULL = YES;
				CLANG_ANALYZER_NUMBER_OBJECT_CONVERSION = YES_AGGRESSIVE;
				CLANG_CXX_LANGUAGE_STANDARD = "gnu++14";
				CLANG_CXX_LIBRARY = "libc++";
				CLANG_ENABLE_MODULES = YES;
				CLANG_ENABLE_OBJC_ARC = YES;
				CLANG_ENABLE_OBJC_WEAK = YES;
				CLANG_WARN_BLOCK_CAPTURE_AUTORELEASING = YES;
				CLANG_WARN_BOOL_CONVERSION = YES;
				CLANG_WARN_COMMA = YES;
				CLANG_WARN_CONSTANT_CONVERSION = YES;
				CLANG_WARN_DEPRECATED_OBJC_IMPLEMENTATIONS = YES;
				CLANG_WARN_DIRECT_OBJC_ISA_USAGE = YES_ERROR;
				CLANG_WARN_DOCUMENTATION_COMMENTS = YES;
				CLANG_WARN_EMPTY_BODY = YES;
				CLANG_WARN_ENUM_CONVERSION = YES;
				CLANG_WARN_INFINITE_RECURSION = YES;
				CLANG_WARN_INT_CONVERSION = YES;
				CLANG_WARN_NON_LITERAL_NULL_CONVERSION = YES;
				CLANG_WARN_OBJC_IMPLICIT_RETAIN_SELF = YES;
				CLANG_WARN_OBJC_LITERAL_CONVERSION = YES;
				CLANG_WARN_OBJC_ROOT_CLASS = YES_ERROR;
				CLANG_WARN_RANGE_LOOP_ANALYSIS = YES;
				CLANG_WARN_STRICT_PROTOTYPES = YES;
				CLANG_WARN_SUSPICIOUS_MOVE = YES;
				CLANG_WARN_UNGUARDED_AVAILABILITY = YES_AGGRESSIVE;
				CLANG_WARN_UNREACHABLE_CODE = YES;
				CLANG_WARN__DUPLICATE_METHOD_MATCH = YES;
				CODE_SIGN_IDENTITY = "iPhone Developer";
				COPY_PHASE_STRIP = NO;
				DEBUG_INFORMATION_FORMAT = dwarf;
				ENABLE_STRICT_OBJC_MSGSEND = YES;
				ENABLE_TESTABILITY = YES;
				GCC_C_LANGUAGE_STANDARD = gnu11;
				GCC_DYNAMIC_NO_PIC = NO;
				GCC_NO_COMMON_BLOCKS = YES;
				GCC_OPTIMIZATION_LEVEL = 0;
				GCC_PREPROCESSOR_DEFINITIONS = (
					"DEBUG=1",
					"$(inherited)",
				);
				GCC_WARN_64_TO_32_BIT_CONVERSION = YES;
				GCC_WARN_ABOUT_RETURN_TYPE = YES_ERROR;
				GCC_WARN_UNDECLARED_SELECTOR = YES;
				GCC_WARN_UNINITIALIZED_AUTOS = YES_AGGRESSIVE;
				GCC_WARN_UNUSED_FUNCTION = YES;
				GCC_WARN_UNUSED_VARIABLE = YES;
				IPHONEOS_DEPLOYMENT_TARGET = 12.1;
				MTL_ENABLE_DEBUG_INFO = INCLUDE_SOURCE;
				MTL_FAST_MATH = YES;
				ONLY_ACTIVE_ARCH = YES;
				SDKROOT = iphoneos;
				SWIFT_ACTIVE_COMPILATION_CONDITIONS = DEBUG;
				SWIFT_OPTIMIZATION_LEVEL = "-Onone";
			};
			name = Debug;
		};
		CDEDCA0A222193DB004DDA63 /* Release */ = {
			isa = XCBuildConfiguration;
			buildSettings = {
				ALWAYS_SEARCH_USER_PATHS = NO;
				CLANG_ANALYZER_NONNULL = YES;
				CLANG_ANALYZER_NUMBER_OBJECT_CONVERSION = YES_AGGRESSIVE;
				CLANG_CXX_LANGUAGE_STANDARD = "gnu++14";
				CLANG_CXX_LIBRARY = "libc++";
				CLANG_ENABLE_MODULES = YES;
				CLANG_ENABLE_OBJC_ARC = YES;
				CLANG_ENABLE_OBJC_WEAK = YES;
				CLANG_WARN_BLOCK_CAPTURE_AUTORELEASING = YES;
				CLANG_WARN_BOOL_CONVERSION = YES;
				CLANG_WARN_COMMA = YES;
				CLANG_WARN_CONSTANT_CONVERSION = YES;
				CLANG_WARN_DEPRECATED_OBJC_IMPLEMENTATIONS = YES;
				CLANG_WARN_DIRECT_OBJC_ISA_USAGE = YES_ERROR;
				CLANG_WARN_DOCUMENTATION_COMMENTS = YES;
				CLANG_WARN_EMPTY_BODY = YES;
				CLANG_WARN_ENUM_CONVERSION = YES;
				CLANG_WARN_INFINITE_RECURSION = YES;
				CLANG_WARN_INT_CONVERSION = YES;
				CLANG_WARN_NON_LITERAL_NULL_CONVERSION = YES;
				CLANG_WARN_OBJC_IMPLICIT_RETAIN_SELF = YES;
				CLANG_WARN_OBJC_LITERAL_CONVERSION = YES;
				CLANG_WARN_OBJC_ROOT_CLASS = YES_ERROR;
				CLANG_WARN_RANGE_LOOP_ANALYSIS = YES;
				CLANG_WARN_STRICT_PROTOTYPES = YES;
				CLANG_WARN_SUSPICIOUS_MOVE = YES;
				CLANG_WARN_UNGUARDED_AVAILABILITY = YES_AGGRESSIVE;
				CLANG_WARN_UNREACHABLE_CODE = YES;
				CLANG_WARN__DUPLICATE_METHOD_MATCH = YES;
				CODE_SIGN_IDENTITY = "iPhone Developer";
				COPY_PHASE_STRIP = NO;
				DEBUG_INFORMATION_FORMAT = "dwarf-with-dsym";
				ENABLE_NS_ASSERTIONS = NO;
				ENABLE_STRICT_OBJC_MSGSEND = YES;
				GCC_C_LANGUAGE_STANDARD = gnu11;
				GCC_NO_COMMON_BLOCKS = YES;
				GCC_WARN_64_TO_32_BIT_CONVERSION = YES;
				GCC_WARN_ABOUT_RETURN_TYPE = YES_ERROR;
				GCC_WARN_UNDECLARED_SELECTOR = YES;
				GCC_WARN_UNINITIALIZED_AUTOS = YES_AGGRESSIVE;
				GCC_WARN_UNUSED_FUNCTION = YES;
				GCC_WARN_UNUSED_VARIABLE = YES;
				IPHONEOS_DEPLOYMENT_TARGET = 12.1;
				MTL_ENABLE_DEBUG_INFO = NO;
				MTL_FAST_MATH = YES;
				SDKROOT = iphoneos;
				SWIFT_COMPILATION_MODE = wholemodule;
				SWIFT_OPTIMIZATION_LEVEL = "-O";
				VALIDATE_PRODUCT = YES;
			};
			name = Release;
		};
		CDEDCA0C222193DB004DDA63 /* Debug */ = {
			isa = XCBuildConfiguration;
			buildSettings = {
				ASSETCATALOG_COMPILER_APPICON_NAME = AppIcon;
				CODE_SIGN_STYLE = Automatic;
				INFOPLIST_FILE = CodableTuto/Info.plist;
				LD_RUNPATH_SEARCH_PATHS = (
					"$(inherited)",
					"@executable_path/Frameworks",
				);
				PRODUCT_BUNDLE_IDENTIFIER = com.ouss.CodableTuto;
				PRODUCT_NAME = "$(TARGET_NAME)";
				SWIFT_VERSION = 4.2;
				TARGETED_DEVICE_FAMILY = "1,2";
			};
			name = Debug;
		};
		CDEDCA0D222193DB004DDA63 /* Release */ = {
			isa = XCBuildConfiguration;
			buildSettings = {
				ASSETCATALOG_COMPILER_APPICON_NAME = AppIcon;
				CODE_SIGN_STYLE = Automatic;
				INFOPLIST_FILE = CodableTuto/Info.plist;
				LD_RUNPATH_SEARCH_PATHS = (
					"$(inherited)",
					"@executable_path/Frameworks",
				);
				PRODUCT_BUNDLE_IDENTIFIER = com.ouss.CodableTuto;
				PRODUCT_NAME = "$(TARGET_NAME)";
				SWIFT_VERSION = 4.2;
				TARGETED_DEVICE_FAMILY = "1,2";
			};
			name = Release;
		};
/* End XCBuildConfiguration section */

/* Begin XCConfigurationList section */
		CDEDC9F4222193DA004DDA63 /* Build configuration list for PBXProject "CodableTuto" */ = {
			isa = XCConfigurationList;
			buildConfigurations = (
				CDEDCA09222193DB004DDA63 /* Debug */,
				CDEDCA0A222193DB004DDA63 /* Release */,
			);
			defaultConfigurationIsVisible = 0;
			defaultConfigurationName = Release;
		};
		CDEDCA0B222193DB004DDA63 /* Build configuration list for PBXNativeTarget "CodableTuto" */ = {
			isa = XCConfigurationList;
			buildConfigurations = (
				CDEDCA0C222193DB004DDA63 /* Debug */,
				CDEDCA0D222193DB004DDA63 /* Release */,
			);
			defaultConfigurationIsVisible = 0;
			defaultConfigurationName = Release;
		};
/* End XCConfigurationList section */
	};
	rootObject = CDEDC9F1222193DA004DDA63 /* Project object */;
}
